
Microsoft Visual Studio Solution File, Format Version 12.00
# Visual Studio Version 17
VisualStudioVersion = 17.5.33516.290
MinimumVisualStudioVersion = 10.0.40219.1
Project("{9A19103F-16F7-4668-BE54-9A1E7A4F7556}") = "2023_01", "2023_01\2023_01.csproj", "{97A77097-3DED-4B7D-A261-4DEA07C510FB}"
EndProject
Project("{2150E333-8FDC-42A3-9474-1A3956D46DE8}") = "Solution Items", "Solution Items", "{D7780B29-ED48-462A-8089-636AFBB9F887}"
	ProjectSection(SolutionItems) = preProject
		.gitignore = .gitignore
		README.md = README.md
	EndProjectSection
EndProject
Project("{9A19103F-16F7-4668-BE54-9A1E7A4F7556}") = "2023_02", "2023_02\2023_02.csproj", "{AA741273-4F9C-42F0-84DE-FF9A3FC6EDFE}"
EndProject
Project("{9A19103F-16F7-4668-BE54-9A1E7A4F7556}") = "2023_03", "2023_03\2023_03.csproj", "{B1958F11-464A-4106-8C37-08DB5A94DCC7}"
EndProject
Project("{9A19103F-16F7-4668-BE54-9A1E7A4F7556}") = "2023_04", "2023_04\2023_04.csproj", "{D536B28E-18AA-4D1B-8A13-B81B63310E73}"
EndProject
Project("{9A19103F-16F7-4668-BE54-9A1E7A4F7556}") = "2023_05", "2023_05\2023_05.csproj", "{001F4CD5-7812-41BB-B587-F2F38836AB21}"
EndProject
Project("{9A19103F-16F7-4668-BE54-9A1E7A4F7556}") = "2023_06", "2023_06\2023_06.csproj", "{7AFC9C37-34F9-472C-BFB2-13E444193344}"
EndProject
Project("{9A19103F-16F7-4668-BE54-9A1E7A4F7556}") = "2023_07", "2023_07\2023_07.csproj", "{CA5BCD57-34A8-47E1-B86A-31E0595374D0}"
EndProject
Project("{9A19103F-16F7-4668-BE54-9A1E7A4F7556}") = "2023_08", "2023_08\2023_08.csproj", "{F602E7A7-6F56-4BE6-A65E-04C6D2E74C43}"
EndProject
Project("{9A19103F-16F7-4668-BE54-9A1E7A4F7556}") = "2023_09", "2023_09\2023_09.csproj", "{DD47BE62-703A-4684-9E4B-C8D0FA2AC07B}"
EndProject
Project("{FAE04EC0-301F-11D3-BF4B-00C04F79EFBC}") = "2023_10", "2023_10\2023_10.csproj", "{53A13B5E-BBBA-4E4F-B268-A2E4D655CDF8}"
EndProject
Global
	GlobalSection(SolutionConfigurationPlatforms) = preSolution
		Debug|Any CPU = Debug|Any CPU
		Release|Any CPU = Release|Any CPU
	EndGlobalSection
	GlobalSection(ProjectConfigurationPlatforms) = postSolution
		{97A77097-3DED-4B7D-A261-4DEA07C510FB}.Debug|Any CPU.ActiveCfg = Debug|Any CPU
		{97A77097-3DED-4B7D-A261-4DEA07C510FB}.Debug|Any CPU.Build.0 = Debug|Any CPU
		{97A77097-3DED-4B7D-A261-4DEA07C510FB}.Release|Any CPU.ActiveCfg = Release|Any CPU
		{97A77097-3DED-4B7D-A261-4DEA07C510FB}.Release|Any CPU.Build.0 = Release|Any CPU
		{AA741273-4F9C-42F0-84DE-FF9A3FC6EDFE}.Debug|Any CPU.ActiveCfg = Debug|Any CPU
		{AA741273-4F9C-42F0-84DE-FF9A3FC6EDFE}.Debug|Any CPU.Build.0 = Debug|Any CPU
		{AA741273-4F9C-42F0-84DE-FF9A3FC6EDFE}.Release|Any CPU.ActiveCfg = Release|Any CPU
		{AA741273-4F9C-42F0-84DE-FF9A3FC6EDFE}.Release|Any CPU.Build.0 = Release|Any CPU
		{B1958F11-464A-4106-8C37-08DB5A94DCC7}.Debug|Any CPU.ActiveCfg = Debug|Any CPU
		{B1958F11-464A-4106-8C37-08DB5A94DCC7}.Debug|Any CPU.Build.0 = Debug|Any CPU
		{B1958F11-464A-4106-8C37-08DB5A94DCC7}.Release|Any CPU.ActiveCfg = Release|Any CPU
		{B1958F11-464A-4106-8C37-08DB5A94DCC7}.Release|Any CPU.Build.0 = Release|Any CPU
		{D536B28E-18AA-4D1B-8A13-B81B63310E73}.Debug|Any CPU.ActiveCfg = Debug|Any CPU
		{D536B28E-18AA-4D1B-8A13-B81B63310E73}.Debug|Any CPU.Build.0 = Debug|Any CPU
		{D536B28E-18AA-4D1B-8A13-B81B63310E73}.Release|Any CPU.ActiveCfg = Release|Any CPU
		{D536B28E-18AA-4D1B-8A13-B81B63310E73}.Release|Any CPU.Build.0 = Release|Any CPU
		{001F4CD5-7812-41BB-B587-F2F38836AB21}.Debug|Any CPU.ActiveCfg = Debug|Any CPU
		{001F4CD5-7812-41BB-B587-F2F38836AB21}.Debug|Any CPU.Build.0 = Debug|Any CPU
		{001F4CD5-7812-41BB-B587-F2F38836AB21}.Release|Any CPU.ActiveCfg = Release|Any CPU
		{001F4CD5-7812-41BB-B587-F2F38836AB21}.Release|Any CPU.Build.0 = Release|Any CPU
		{7AFC9C37-34F9-472C-BFB2-13E444193344}.Debug|Any CPU.ActiveCfg = Debug|Any CPU
		{7AFC9C37-34F9-472C-BFB2-13E444193344}.Debug|Any CPU.Build.0 = Debug|Any CPU
		{7AFC9C37-34F9-472C-BFB2-13E444193344}.Release|Any CPU.ActiveCfg = Release|Any CPU
		{7AFC9C37-34F9-472C-BFB2-13E444193344}.Release|Any CPU.Build.0 = Release|Any CPU
		{CA5BCD57-34A8-47E1-B86A-31E0595374D0}.Debug|Any CPU.ActiveCfg = Debug|Any CPU
		{CA5BCD57-34A8-47E1-B86A-31E0595374D0}.Debug|Any CPU.Build.0 = Debug|Any CPU
		{CA5BCD57-34A8-47E1-B86A-31E0595374D0}.Release|Any CPU.ActiveCfg = Release|Any CPU
		{CA5BCD57-34A8-47E1-B86A-31E0595374D0}.Release|Any CPU.Build.0 = Release|Any CPU
		{F602E7A7-6F56-4BE6-A65E-04C6D2E74C43}.Debug|Any CPU.ActiveCfg = Debug|Any CPU
		{F602E7A7-6F56-4BE6-A65E-04C6D2E74C43}.Debug|Any CPU.Build.0 = Debug|Any CPU
		{F602E7A7-6F56-4BE6-A65E-04C6D2E74C43}.Release|Any CPU.ActiveCfg = Release|Any CPU
		{F602E7A7-6F56-4BE6-A65E-04C6D2E74C43}.Release|Any CPU.Build.0 = Release|Any CPU
		{DD47BE62-703A-4684-9E4B-C8D0FA2AC07B}.Debug|Any CPU.ActiveCfg = Debug|Any CPU
		{DD47BE62-703A-4684-9E4B-C8D0FA2AC07B}.Debug|Any CPU.Build.0 = Debug|Any CPU
		{DD47BE62-703A-4684-9E4B-C8D0FA2AC07B}.Release|Any CPU.ActiveCfg = Release|Any CPU
		{DD47BE62-703A-4684-9E4B-C8D0FA2AC07B}.Release|Any CPU.Build.0 = Release|Any CPU
		{53A13B5E-BBBA-4E4F-B268-A2E4D655CDF8}.Debug|Any CPU.ActiveCfg = Debug|Any CPU
		{53A13B5E-BBBA-4E4F-B268-A2E4D655CDF8}.Debug|Any CPU.Build.0 = Debug|Any CPU
		{53A13B5E-BBBA-4E4F-B268-A2E4D655CDF8}.Release|Any CPU.ActiveCfg = Release|Any CPU
		{53A13B5E-BBBA-4E4F-B268-A2E4D655CDF8}.Release|Any CPU.Build.0 = Release|Any CPU
	EndGlobalSection
	GlobalSection(SolutionProperties) = preSolution
		HideSolutionNode = FALSE
	EndGlobalSection
	GlobalSection(ExtensibilityGlobals) = postSolution
		SolutionGuid = {23EBBD73-F1EE-449E-B9DD-97AF34423B42}
	EndGlobalSection
EndGlobal
